
Microsoft Visual Studio Solution File, Format Version 12.00
# Visual Studio Version 16
VisualStudioVersion = 16.0.30717.126
MinimumVisualStudioVersion = 10.0.40219.1
Project("{FAE04EC0-301F-11D3-BF4B-00C04F79EFBC}") = "43_WFA_HW_OOP", "43_WFA_HW_OOP\43_WFA_HW_OOP.csproj", "{9BFBBAC8-FD27-438A-A8CA-A837865A5114}"
EndProject
Global
	GlobalSection(SolutionConfigurationPlatforms) = preSolution
		Debug|Any CPU = Debug|Any CPU
		Release|Any CPU = Release|Any CPU
	EndGlobalSection
	GlobalSection(ProjectConfigurationPlatforms) = postSolution
		{9BFBBAC8-FD27-438A-A8CA-A837865A5114}.Debug|Any CPU.ActiveCfg = Debug|Any CPU
		{9BFBBAC8-FD27-438A-A8CA-A837865A5114}.Debug|Any CPU.Build.0 = Debug|Any CPU
		{9BFBBAC8-FD27-438A-A8CA-A837865A5114}.Release|Any CPU.ActiveCfg = Release|Any CPU
		{9BFBBAC8-FD27-438A-A8CA-A837865A5114}.Release|Any CPU.Build.0 = Release|Any CPU
	EndGlobalSection
	GlobalSection(SolutionProperties) = preSolution
		HideSolutionNode = FALSE
	EndGlobalSection
	GlobalSection(ExtensibilityGlobals) = postSolution
		SolutionGuid = {96ACC877-6121-48C3-807C-C35D1B70E03B}
	EndGlobalSection
EndGlobal
